
Microsoft Visual Studio Solution File, Format Version 12.00
# Visual Studio Version 17
VisualStudioVersion = 17.7.34221.43
MinimumVisualStudioVersion = 10.0.40219.1
Project("{9A19103F-16F7-4668-BE54-9A1E7A4F7556}") = "ConsoleApp7", "ConsoleApp7\ConsoleApp7.csproj", "{C0469AC4-0A5C-4F00-B913-251F715C981B}"
EndProject
Global
	GlobalSection(SolutionConfigurationPlatforms) = preSolution
		Debug|Any CPU = Debug|Any CPU
		Release|Any CPU = Release|Any CPU
	EndGlobalSection
	GlobalSection(ProjectConfigurationPlatforms) = postSolution
		{C0469AC4-0A5C-4F00-B913-251F715C981B}.Debug|Any CPU.ActiveCfg = Debug|Any CPU
		{C0469AC4-0A5C-4F00-B913-251F715C981B}.Debug|Any CPU.Build.0 = Debug|Any CPU
		{C0469AC4-0A5C-4F00-B913-251F715C981B}.Release|Any CPU.ActiveCfg = Release|Any CPU
		{C0469AC4-0A5C-4F00-B913-251F715C981B}.Release|Any CPU.Build.0 = Release|Any CPU
	EndGlobalSection
	GlobalSection(SolutionProperties) = preSolution
		HideSolutionNode = FALSE
	EndGlobalSection
	GlobalSection(ExtensibilityGlobals) = postSolution
		SolutionGuid = {EFC21540-BCBC-4D3E-9089-63E833404746}
	EndGlobalSection
EndGlobal
